
Microsoft Visual Studio Solution File, Format Version 12.00
# Visual Studio Version 17
VisualStudioVersion = 17.7.34221.43
MinimumVisualStudioVersion = 10.0.40219.1
Project("{FAE04EC0-301F-11D3-BF4B-00C04F79EFBC}") = "Task46", "Task46.csproj", "{57977365-EAF8-4503-A8CB-F9AE5E2A710A}"
EndProject
Global
	GlobalSection(SolutionConfigurationPlatforms) = preSolution
		Debug|Any CPU = Debug|Any CPU
		Release|Any CPU = Release|Any CPU
	EndGlobalSection
	GlobalSection(ProjectConfigurationPlatforms) = postSolution
		{57977365-EAF8-4503-A8CB-F9AE5E2A710A}.Debug|Any CPU.ActiveCfg = Debug|Any CPU
		{57977365-EAF8-4503-A8CB-F9AE5E2A710A}.Debug|Any CPU.Build.0 = Debug|Any CPU
		{57977365-EAF8-4503-A8CB-F9AE5E2A710A}.Release|Any CPU.ActiveCfg = Release|Any CPU
		{57977365-EAF8-4503-A8CB-F9AE5E2A710A}.Release|Any CPU.Build.0 = Release|Any CPU
	EndGlobalSection
	GlobalSection(SolutionProperties) = preSolution
		HideSolutionNode = FALSE
	EndGlobalSection
	GlobalSection(ExtensibilityGlobals) = postSolution
		SolutionGuid = {DF623BBE-E463-414C-BA23-99356E42DAE4}
	EndGlobalSection
EndGlobal
